// !$*UTF8*$!
{
	archiveVersion = 1;
	classes = {
	};
	objectVersion = 56;
	objects = {

/* Begin PBXBuildFile section */
		28AF015E87DBBD0F3D1FD142 /* StatusUI.swift in Sources */ = {isa = PBXBuildFile; fileRef = 28AF08428812B6468FD40BE6 /* StatusUI.swift */; };
		28AF020153A10E55F819CA2F /* ContentView.swift in Sources */ = {isa = PBXBuildFile; fileRef = 28AF073A7A8D122B58B147FE /* ContentView.swift */; };
		28AF0319B465248EA8F74CFF /* SeatsView.swift in Sources */ = {isa = PBXBuildFile; fileRef = 28AF01A340EAC3B30FAA5BF2 /* SeatsView.swift */; };
		28AF0357E0845E5E5E70874D /* TicketData.swift in Sources */ = {isa = PBXBuildFile; fileRef = 28AF0078496F8A0CFD7E5288 /* TicketData.swift */; };
		28AF037359A9847F05AB1965 /* CircleButton.swift in Sources */ = {isa = PBXBuildFile; fileRef = 28AF01EC3BB2A783D5C67B43 /* CircleButton.swift */; };
		28AF03B5075E34BAFEC1A9DC /* BackgroundAnimation.swift in Sources */ = {isa = PBXBuildFile; fileRef = 28AF0840EF9DC9FD350B445A /* BackgroundAnimation.swift */; };
		28AF03BBFE2AD776D657E589 /* PosterData.swift in Sources */ = {isa = PBXBuildFile; fileRef = 28AF059F57A93460A228BC78 /* PosterData.swift */; };
		28AF03BD386A8193074DBF2A /* CustomSearchBar.swift in Sources */ = {isa = PBXBuildFile; fileRef = 28AF0B872E6FF9A7643CCAEA /* CustomSearchBar.swift */; };
		28AF05B3AC119D9C098D41D3 /* TabData.swift in Sources */ = {isa = PBXBuildFile; fileRef = 28AF04E6E48F532D5E526AE5 /* TabData.swift */; };
		28AF0708E7CD8FB2CCD7FC8E /* Tickets.swift in Sources */ = {isa = PBXBuildFile; fileRef = 28AF0CB9D1FF0E1638B712E6 /* Tickets.swift */; };
		28AF07B3DCC4B666FACD5244 /* Ticket.swift in Sources */ = {isa = PBXBuildFile; fileRef = 28AF03971A1FEF42EB7DFFE5 /* Ticket.swift */; };
		28AF083D7255C8CAF118376E /* DateButton.swift in Sources */ = {isa = PBXBuildFile; fileRef = 28AF03BDE2D751D5380350C9 /* DateButton.swift */; };
		28AF0A4212F831CB36837A55 /* MovieInfoView.swift in Sources */ = {isa = PBXBuildFile; fileRef = 28AF08F6E4B6D7FB6FFA1968 /* MovieInfoView.swift */; };
		28AF0A78FA5D4E4B466B7E15 /* TicketView.swift in Sources */ = {isa = PBXBuildFile; fileRef = 28AF011831E8F7DFDF1FF698 /* TicketView.swift */; };
		28AF0A9C395F9D442B4F4754 /* HomeView.swift in Sources */ = {isa = PBXBuildFile; fileRef = 28AF05A944E3A5CE253B0594 /* HomeView.swift */; };
		28AF0B296484A092623EFEBB /* utils.swift in Sources */ = {isa = PBXBuildFile; fileRef = 28AF0BA1AFA596050B8FDD27 /* utils.swift */; };
		28AF0B5CE6EEC7E62F8E6F54 /* LargeButton.swift in Sources */ = {isa = PBXBuildFile; fileRef = 28AF029B6C665EB3777E1647 /* LargeButton.swift */; };
		28AF0B659B6EA3D073B5812A /* Preview Assets.xcassets in Resources */ = {isa = PBXBuildFile; fileRef = 28AF0A935800BDB42DA88357 /* Preview Assets.xcassets */; };
		28AF0CB9053F98D684D59F96 /* HorizontalScrollSection.swift in Sources */ = {isa = PBXBuildFile; fileRef = 28AF0D99D2F690F229D25CE7 /* HorizontalScrollSection.swift */; };
		28AF0CD9ECC35E785C231459 /* CustomTabBar.swift in Sources */ = {isa = PBXBuildFile; fileRef = 28AF0A51883B9423B4C55870 /* CustomTabBar.swift */; };
		28AF0DD80B1F3F6685A477E3 /* SampleData.swift in Sources */ = {isa = PBXBuildFile; fileRef = 28AF08C7D4C7DEF36733D9CE /* SampleData.swift */; };
		28AF0DF92DE3FDC8CEF67018 /* Movie.swift in Sources */ = {isa = PBXBuildFile; fileRef = 28AF031A72CF23ADECE3B1A9 /* Movie.swift */; };
		28AF0F2E75050AC3A4083884 /* RoundButton.swift in Sources */ = {isa = PBXBuildFile; fileRef = 28AF08677FB75F94A1722FB6 /* RoundButton.swift */; };
		28AF0F85B4D11739B6A9F76B /* CircleBackground.swift in Sources */ = {isa = PBXBuildFile; fileRef = 28AF0F485B591E20F6AF7A4C /* CircleBackground.swift */; };
		28AF0FE44EA62A6F69D8A8E2 /* TimeButton.swift in Sources */ = {isa = PBXBuildFile; fileRef = 28AF049F5DF6A0CA32C3D2AE /* TimeButton.swift */; };
		33D8597C28ABDDCB00C842CF /* MovieBookingApp.swift in Sources */ = {isa = PBXBuildFile; fileRef = 33D8597B28ABDDCB00C842CF /* MovieBookingApp.swift */; };
		33D8598028ABDDCC00C842CF /* Assets.xcassets in Resources */ = {isa = PBXBuildFile; fileRef = 33D8597F28ABDDCC00C842CF /* Assets.xcassets */; };
		49038032299E542F002EF44B /* SeatsLayout.swift in Sources */ = {isa = PBXBuildFile; fileRef = 49038031299E542F002EF44B /* SeatsLayout.swift */; };
		49080C6A299C5C4E001663A4 /* CinemaHallLayout.swift in Sources */ = {isa = PBXBuildFile; fileRef = 49080C69299C5C4E001663A4 /* CinemaHallLayout.swift */; };
		49FD176E299CB09D0056B4E3 /* Session.swift in Sources */ = {isa = PBXBuildFile; fileRef = 49FD176D299CB09D0056B4E3 /* Session.swift */; };
		49FD1770299CB1520056B4E3 /* Schedule.swift in Sources */ = {isa = PBXBuildFile; fileRef = 49FD176F299CB1520056B4E3 /* Schedule.swift */; };
/* End PBXBuildFile section */

/* Begin PBXFileReference section */
		28AF0078496F8A0CFD7E5288 /* TicketData.swift */ = {isa = PBXFileReference; fileEncoding = 4; lastKnownFileType = sourcecode.swift; path = TicketData.swift; sourceTree = "<group>"; };
		28AF011831E8F7DFDF1FF698 /* TicketView.swift */ = {isa = PBXFileReference; fileEncoding = 4; lastKnownFileType = sourcecode.swift; path = TicketView.swift; sourceTree = "<group>"; };
		28AF01A340EAC3B30FAA5BF2 /* SeatsView.swift */ = {isa = PBXFileReference; fileEncoding = 4; lastKnownFileType = sourcecode.swift; path = SeatsView.swift; sourceTree = "<group>"; };
		28AF01EC3BB2A783D5C67B43 /* CircleButton.swift */ = {isa = PBXFileReference; fileEncoding = 4; lastKnownFileType = sourcecode.swift; path = CircleButton.swift; sourceTree = "<group>"; };
		28AF029B6C665EB3777E1647 /* LargeButton.swift */ = {isa = PBXFileReference; fileEncoding = 4; lastKnownFileType = sourcecode.swift; path = LargeButton.swift; sourceTree = "<group>"; };
		28AF031A72CF23ADECE3B1A9 /* Movie.swift */ = {isa = PBXFileReference; fileEncoding = 4; lastKnownFileType = sourcecode.swift; path = Movie.swift; sourceTree = "<group>"; };
		28AF03971A1FEF42EB7DFFE5 /* Ticket.swift */ = {isa = PBXFileReference; fileEncoding = 4; lastKnownFileType = sourcecode.swift; path = Ticket.swift; sourceTree = "<group>"; };
		28AF03BDE2D751D5380350C9 /* DateButton.swift */ = {isa = PBXFileReference; fileEncoding = 4; lastKnownFileType = sourcecode.swift; path = DateButton.swift; sourceTree = "<group>"; };
		28AF049F5DF6A0CA32C3D2AE /* TimeButton.swift */ = {isa = PBXFileReference; fileEncoding = 4; lastKnownFileType = sourcecode.swift; path = TimeButton.swift; sourceTree = "<group>"; };
		28AF04E6E48F532D5E526AE5 /* TabData.swift */ = {isa = PBXFileReference; fileEncoding = 4; lastKnownFileType = sourcecode.swift; path = TabData.swift; sourceTree = "<group>"; };
		28AF059F57A93460A228BC78 /* PosterData.swift */ = {isa = PBXFileReference; fileEncoding = 4; lastKnownFileType = sourcecode.swift; path = PosterData.swift; sourceTree = "<group>"; };
		28AF05A944E3A5CE253B0594 /* HomeView.swift */ = {isa = PBXFileReference; fileEncoding = 4; lastKnownFileType = sourcecode.swift; path = HomeView.swift; sourceTree = "<group>"; };
		28AF073A7A8D122B58B147FE /* ContentView.swift */ = {isa = PBXFileReference; fileEncoding = 4; lastKnownFileType = sourcecode.swift; path = ContentView.swift; sourceTree = "<group>"; };
		28AF0840EF9DC9FD350B445A /* BackgroundAnimation.swift */ = {isa = PBXFileReference; fileEncoding = 4; lastKnownFileType = sourcecode.swift; path = BackgroundAnimation.swift; sourceTree = "<group>"; };
		28AF08428812B6468FD40BE6 /* StatusUI.swift */ = {isa = PBXFileReference; fileEncoding = 4; lastKnownFileType = sourcecode.swift; path = StatusUI.swift; sourceTree = "<group>"; };
		28AF08677FB75F94A1722FB6 /* RoundButton.swift */ = {isa = PBXFileReference; fileEncoding = 4; lastKnownFileType = sourcecode.swift; path = RoundButton.swift; sourceTree = "<group>"; };
		28AF08C7D4C7DEF36733D9CE /* SampleData.swift */ = {isa = PBXFileReference; fileEncoding = 4; lastKnownFileType = sourcecode.swift; path = SampleData.swift; sourceTree = "<group>"; };
		28AF08F6E4B6D7FB6FFA1968 /* MovieInfoView.swift */ = {isa = PBXFileReference; fileEncoding = 4; lastKnownFileType = sourcecode.swift; path = MovieInfoView.swift; sourceTree = "<group>"; };
		28AF0A51883B9423B4C55870 /* CustomTabBar.swift */ = {isa = PBXFileReference; fileEncoding = 4; lastKnownFileType = sourcecode.swift; path = CustomTabBar.swift; sourceTree = "<group>"; };
		28AF0A935800BDB42DA88357 /* Preview Assets.xcassets */ = {isa = PBXFileReference; lastKnownFileType = folder.assetcatalog; path = "Preview Assets.xcassets"; sourceTree = "<group>"; };
		28AF0B872E6FF9A7643CCAEA /* CustomSearchBar.swift */ = {isa = PBXFileReference; fileEncoding = 4; lastKnownFileType = sourcecode.swift; path = CustomSearchBar.swift; sourceTree = "<group>"; };
		28AF0BA1AFA596050B8FDD27 /* utils.swift */ = {isa = PBXFileReference; fileEncoding = 4; lastKnownFileType = sourcecode.swift; path = utils.swift; sourceTree = "<group>"; };
		28AF0CB9D1FF0E1638B712E6 /* Tickets.swift */ = {isa = PBXFileReference; fileEncoding = 4; lastKnownFileType = sourcecode.swift; path = Tickets.swift; sourceTree = "<group>"; };
		28AF0D99D2F690F229D25CE7 /* HorizontalScrollSection.swift */ = {isa = PBXFileReference; fileEncoding = 4; lastKnownFileType = sourcecode.swift; path = HorizontalScrollSection.swift; sourceTree = "<group>"; };
		28AF0F485B591E20F6AF7A4C /* CircleBackground.swift */ = {isa = PBXFileReference; fileEncoding = 4; lastKnownFileType = sourcecode.swift; path = CircleBackground.swift; sourceTree = "<group>"; };
		33D8597828ABDDCB00C842CF /* MovieBooking.app */ = {isa = PBXFileReference; explicitFileType = wrapper.application; includeInIndex = 0; path = MovieBooking.app; sourceTree = BUILT_PRODUCTS_DIR; };
		33D8597B28ABDDCB00C842CF /* MovieBookingApp.swift */ = {isa = PBXFileReference; lastKnownFileType = sourcecode.swift; path = MovieBookingApp.swift; sourceTree = "<group>"; };
		33D8597F28ABDDCC00C842CF /* Assets.xcassets */ = {isa = PBXFileReference; lastKnownFileType = folder.assetcatalog; path = Assets.xcassets; sourceTree = "<group>"; };
		49038031299E542F002EF44B /* SeatsLayout.swift */ = {isa = PBXFileReference; lastKnownFileType = sourcecode.swift; path = SeatsLayout.swift; sourceTree = "<group>"; };
		49080C69299C5C4E001663A4 /* CinemaHallLayout.swift */ = {isa = PBXFileReference; lastKnownFileType = sourcecode.swift; path = CinemaHallLayout.swift; sourceTree = "<group>"; };
		4970DD4229A77DFD008BEBE1 /* Info.plist */ = {isa = PBXFileReference; lastKnownFileType = text.plist; path = Info.plist; sourceTree = "<group>"; };
		49B95FF1299C37C400D39B12 /* README.md */ = {isa = PBXFileReference; lastKnownFileType = net.daringfireball.markdown; path = README.md; sourceTree = "<group>"; };
		49FD176D299CB09D0056B4E3 /* Session.swift */ = {isa = PBXFileReference; lastKnownFileType = sourcecode.swift; path = Session.swift; sourceTree = "<group>"; };
		49FD176F299CB1520056B4E3 /* Schedule.swift */ = {isa = PBXFileReference; lastKnownFileType = sourcecode.swift; path = Schedule.swift; sourceTree = "<group>"; };
/* End PBXFileReference section */

/* Begin PBXFrameworksBuildPhase section */
		33D8597528ABDDCB00C842CF /* Frameworks */ = {
			isa = PBXFrameworksBuildPhase;
			buildActionMask = 2147483647;
			files = (
			);
			runOnlyForDeploymentPostprocessing = 0;
		};
/* End PBXFrameworksBuildPhase section */

/* Begin PBXGroup section */
		28AF02157391CF861A800C6A /* UI */ = {
			isa = PBXGroup;
			children = (
				493D642B299D047D005A76FF /* Buttons */,
				28AF0840EF9DC9FD350B445A /* BackgroundAnimation.swift */,
				28AF0D99D2F690F229D25CE7 /* HorizontalScrollSection.swift */,
				49038031299E542F002EF44B /* SeatsLayout.swift */,
			);
			path = UI;
			sourceTree = "<group>";
		};
		28AF03C36D470F2F383CB605 /* UI */ = {
			isa = PBXGroup;
			children = (
				28AF0F485B591E20F6AF7A4C /* CircleBackground.swift */,
				28AF0A51883B9423B4C55870 /* CustomTabBar.swift */,
				28AF0B872E6FF9A7643CCAEA /* CustomSearchBar.swift */,
			);
			path = UI;
			sourceTree = "<group>";
		};
		28AF0408A988EBB6DE6CFDF7 /* Card */ = {
			isa = PBXGroup;
			children = (
				28AF03971A1FEF42EB7DFFE5 /* Ticket.swift */,
				28AF0CB9D1FF0E1638B712E6 /* Tickets.swift */,
			);
			path = Card;
			sourceTree = "<group>";
		};
		28AF0773B1A98C646EFDFF9E /* Data */ = {
			isa = PBXGroup;
			children = (
				28AF08C7D4C7DEF36733D9CE /* SampleData.swift */,
			);
			path = Data;
			sourceTree = "<group>";
		};
		28AF08BE1EBB36BED5F7EC2B /* Data */ = {
			isa = PBXGroup;
			children = (
				28AF0078496F8A0CFD7E5288 /* TicketData.swift */,
				28AF059F57A93460A228BC78 /* PosterData.swift */,
				28AF04E6E48F532D5E526AE5 /* TabData.swift */,
			);
			path = Data;
			sourceTree = "<group>";
		};
		28AF0918D0939F7E31DF1D06 /* Models */ = {
			isa = PBXGroup;
			children = (
				28AF031A72CF23ADECE3B1A9 /* Movie.swift */,
				49080C69299C5C4E001663A4 /* CinemaHallLayout.swift */,
				49FD176D299CB09D0056B4E3 /* Session.swift */,
				49FD176F299CB1520056B4E3 /* Schedule.swift */,
			);
			path = Models;
			sourceTree = "<group>";
		};
		28AF09EC4AD48AB082CE5C84 /* Other */ = {
			isa = PBXGroup;
			children = (
				28AF0E64014FA3E55AF1EB1D /* Preview Content */,
				28AF0BA1AFA596050B8FDD27 /* utils.swift */,
			);
			path = Other;
			sourceTree = "<group>";
		};
		28AF0BDF1B426B026F56DD02 /* Views */ = {
			isa = PBXGroup;
			children = (
				28AF073A7A8D122B58B147FE /* ContentView.swift */,
				28AF05A944E3A5CE253B0594 /* HomeView.swift */,
				28AF08F6E4B6D7FB6FFA1968 /* MovieInfoView.swift */,
				28AF01A340EAC3B30FAA5BF2 /* SeatsView.swift */,
			);
			path = Views;
			sourceTree = "<group>";
		};
		28AF0E03E41A67756F046D28 /* Buttons */ = {
			isa = PBXGroup;
			children = (
				28AF029B6C665EB3777E1647 /* LargeButton.swift */,
				28AF01EC3BB2A783D5C67B43 /* CircleButton.swift */,
				28AF08677FB75F94A1722FB6 /* RoundButton.swift */,
			);
			path = Buttons;
			sourceTree = "<group>";
		};
		28AF0E64014FA3E55AF1EB1D /* Preview Content */ = {
			isa = PBXGroup;
			children = (
				28AF0A935800BDB42DA88357 /* Preview Assets.xcassets */,
			);
			path = "Preview Content";
			sourceTree = "<group>";
		};
		28AF0EF6A81BDC8806223F69 /* Views */ = {
			isa = PBXGroup;
			children = (
				28AF011831E8F7DFDF1FF698 /* TicketView.swift */,
			);
			path = Views;
			sourceTree = "<group>";
		};
		28AF0F33BD37C188F52F69B8 /* oldCodeBase */ = {
			isa = PBXGroup;
			children = (
				28AF03C36D470F2F383CB605 /* UI */,
				28AF0EF6A81BDC8806223F69 /* Views */,
				28AF0408A988EBB6DE6CFDF7 /* Card */,
				28AF08BE1EBB36BED5F7EC2B /* Data */,
				28AF0E03E41A67756F046D28 /* Buttons */,
			);
			path = oldCodeBase;
			sourceTree = "<group>";
		};
		33D8596F28ABDDCB00C842CF = {
			isa = PBXGroup;
			children = (
				49B95FF1299C37C400D39B12 /* README.md */,
				33D8597A28ABDDCB00C842CF /* MovieBooking */,
				33D8597928ABDDCB00C842CF /* Products */,
			);
			sourceTree = "<group>";
		};
		33D8597928ABDDCB00C842CF /* Products */ = {
			isa = PBXGroup;
			children = (
				33D8597828ABDDCB00C842CF /* MovieBooking.app */,
			);
			name = Products;
			sourceTree = "<group>";
		};
		33D8597A28ABDDCB00C842CF /* MovieBooking */ = {
			isa = PBXGroup;
			children = (
				4970DD4229A77DFD008BEBE1 /* Info.plist */,
				33D8597B28ABDDCB00C842CF /* MovieBookingApp.swift */,
				33D8597F28ABDDCC00C842CF /* Assets.xcassets */,
				28AF0773B1A98C646EFDFF9E /* Data */,
				28AF0918D0939F7E31DF1D06 /* Models */,
				28AF0F33BD37C188F52F69B8 /* oldCodeBase */,
				28AF09EC4AD48AB082CE5C84 /* Other */,
				28AF02157391CF861A800C6A /* UI */,
				28AF0BDF1B426B026F56DD02 /* Views */,
			);
			path = MovieBooking;
			sourceTree = "<group>";
		};
		493D642B299D047D005A76FF /* Buttons */ = {
			isa = PBXGroup;
			children = (
				28AF08428812B6468FD40BE6 /* StatusUI.swift */,
				28AF049F5DF6A0CA32C3D2AE /* TimeButton.swift */,
				28AF03BDE2D751D5380350C9 /* DateButton.swift */,
			);
			path = Buttons;
			sourceTree = "<group>";
		};
/* End PBXGroup section */

/* Begin PBXNativeTarget section */
		33D8597728ABDDCB00C842CF /* MovieBooking */ = {
			isa = PBXNativeTarget;
			buildConfigurationList = 33D8598628ABDDCC00C842CF /* Build configuration list for PBXNativeTarget "MovieBooking" */;
			buildPhases = (
				33D8597428ABDDCB00C842CF /* Sources */,
				33D8597528ABDDCB00C842CF /* Frameworks */,
				33D8597628ABDDCB00C842CF /* Resources */,
			);
			buildRules = (
			);
			dependencies = (
			);
			name = MovieBooking;
			productName = MovieBooking;
			productReference = 33D8597828ABDDCB00C842CF /* MovieBooking.app */;
			productType = "com.apple.product-type.application";
		};
/* End PBXNativeTarget section */

/* Begin PBXProject section */
		33D8597028ABDDCB00C842CF /* Project object */ = {
			isa = PBXProject;
			attributes = {
				BuildIndependentTargetsInParallel = 1;
				LastSwiftUpdateCheck = 1400;
				LastUpgradeCheck = 1400;
				TargetAttributes = {
					33D8597728ABDDCB00C842CF = {
						CreatedOnToolsVersion = 14.0;
					};
				};
			};
			buildConfigurationList = 33D8597328ABDDCB00C842CF /* Build configuration list for PBXProject "MovieBooking" */;
			compatibilityVersion = "Xcode 14.0";
			developmentRegion = en;
			hasScannedForEncodings = 0;
			knownRegions = (
				en,
				Base,
			);
			mainGroup = 33D8596F28ABDDCB00C842CF;
			productRefGroup = 33D8597928ABDDCB00C842CF /* Products */;
			projectDirPath = "";
			projectRoot = "";
			targets = (
				33D8597728ABDDCB00C842CF /* MovieBooking */,
			);
		};
/* End PBXProject section */

/* Begin PBXResourcesBuildPhase section */
		33D8597628ABDDCB00C842CF /* Resources */ = {
			isa = PBXResourcesBuildPhase;
			buildActionMask = 2147483647;
			files = (
				33D8598028ABDDCC00C842CF /* Assets.xcassets in Resources */,
				28AF0B659B6EA3D073B5812A /* Preview Assets.xcassets in Resources */,
			);
			runOnlyForDeploymentPostprocessing = 0;
		};
/* End PBXResourcesBuildPhase section */

/* Begin PBXSourcesBuildPhase section */
		33D8597428ABDDCB00C842CF /* Sources */ = {
			isa = PBXSourcesBuildPhase;
			buildActionMask = 2147483647;
			files = (
				33D8597C28ABDDCB00C842CF /* MovieBookingApp.swift in Sources */,
				28AF0F85B4D11739B6A9F76B /* CircleBackground.swift in Sources */,
				28AF015E87DBBD0F3D1FD142 /* StatusUI.swift in Sources */,
				28AF0CD9ECC35E785C231459 /* CustomTabBar.swift in Sources */,
				28AF03BD386A8193074DBF2A /* CustomSearchBar.swift in Sources */,
				28AF0A78FA5D4E4B466B7E15 /* TicketView.swift in Sources */,
				28AF0319B465248EA8F74CFF /* SeatsView.swift in Sources */,
				49080C6A299C5C4E001663A4 /* CinemaHallLayout.swift in Sources */,
				28AF07B3DCC4B666FACD5244 /* Ticket.swift in Sources */,
				28AF0708E7CD8FB2CCD7FC8E /* Tickets.swift in Sources */,
				28AF0357E0845E5E5E70874D /* TicketData.swift in Sources */,
				28AF03BBFE2AD776D657E589 /* PosterData.swift in Sources */,
				28AF05B3AC119D9C098D41D3 /* TabData.swift in Sources */,
				28AF0B5CE6EEC7E62F8E6F54 /* LargeButton.swift in Sources */,
				28AF0FE44EA62A6F69D8A8E2 /* TimeButton.swift in Sources */,
				28AF083D7255C8CAF118376E /* DateButton.swift in Sources */,
				28AF037359A9847F05AB1965 /* CircleButton.swift in Sources */,
				49FD176E299CB09D0056B4E3 /* Session.swift in Sources */,
				28AF0F2E75050AC3A4083884 /* RoundButton.swift in Sources */,
				49038032299E542F002EF44B /* SeatsLayout.swift in Sources */,
				28AF0B296484A092623EFEBB /* utils.swift in Sources */,
				28AF020153A10E55F819CA2F /* ContentView.swift in Sources */,
				28AF0A9C395F9D442B4F4754 /* HomeView.swift in Sources */,
				28AF03B5075E34BAFEC1A9DC /* BackgroundAnimation.swift in Sources */,
				28AF0CB9053F98D684D59F96 /* HorizontalScrollSection.swift in Sources */,
				28AF0DF92DE3FDC8CEF67018 /* Movie.swift in Sources */,
				28AF0DD80B1F3F6685A477E3 /* SampleData.swift in Sources */,
				49FD1770299CB1520056B4E3 /* Schedule.swift in Sources */,
				28AF0A4212F831CB36837A55 /* MovieInfoView.swift in Sources */,
			);
			runOnlyForDeploymentPostprocessing = 0;
		};
/* End PBXSourcesBuildPhase section */

/* Begin XCBuildConfiguration section */
		33D8598428ABDDCC00C842CF /* Debug */ = {
			isa = XCBuildConfiguration;
			buildSettings = {
				ALWAYS_SEARCH_USER_PATHS = NO;
				CLANG_ANALYZER_NONNULL = YES;
				CLANG_ANALYZER_NUMBER_OBJECT_CONVERSION = YES_AGGRESSIVE;
				CLANG_CXX_LANGUAGE_STANDARD = "gnu++20";
				CLANG_ENABLE_MODULES = YES;
				CLANG_ENABLE_OBJC_ARC = YES;
				CLANG_ENABLE_OBJC_WEAK = YES;
				CLANG_WARN_BLOCK_CAPTURE_AUTORELEASING = YES;
				CLANG_WARN_BOOL_CONVERSION = YES;
				CLANG_WARN_COMMA = YES;
				CLANG_WARN_CONSTANT_CONVERSION = YES;
				CLANG_WARN_DEPRECATED_OBJC_IMPLEMENTATIONS = YES;
				CLANG_WARN_DIRECT_OBJC_ISA_USAGE = YES_ERROR;
				CLANG_WARN_DOCUMENTATION_COMMENTS = YES;
				CLANG_WARN_EMPTY_BODY = YES;
				CLANG_WARN_ENUM_CONVERSION = YES;
				CLANG_WARN_INFINITE_RECURSION = YES;
				CLANG_WARN_INT_CONVERSION = YES;
				CLANG_WARN_NON_LITERAL_NULL_CONVERSION = YES;
				CLANG_WARN_OBJC_IMPLICIT_RETAIN_SELF = YES;
				CLANG_WARN_OBJC_LITERAL_CONVERSION = YES;
				CLANG_WARN_OBJC_ROOT_CLASS = YES_ERROR;
				CLANG_WARN_QUOTED_INCLUDE_IN_FRAMEWORK_HEADER = YES;
				CLANG_WARN_RANGE_LOOP_ANALYSIS = YES;
				CLANG_WARN_STRICT_PROTOTYPES = YES;
				CLANG_WARN_SUSPICIOUS_MOVE = YES;
				CLANG_WARN_UNGUARDED_AVAILABILITY = YES_AGGRESSIVE;
				CLANG_WARN_UNREACHABLE_CODE = YES;
				CLANG_WARN__DUPLICATE_METHOD_MATCH = YES;
				COPY_PHASE_STRIP = NO;
				DEBUG_INFORMATION_FORMAT = dwarf;
				ENABLE_STRICT_OBJC_MSGSEND = YES;
				ENABLE_TESTABILITY = YES;
				GCC_C_LANGUAGE_STANDARD = gnu11;
				GCC_DYNAMIC_NO_PIC = NO;
				GCC_NO_COMMON_BLOCKS = YES;
				GCC_OPTIMIZATION_LEVEL = 0;
				GCC_PREPROCESSOR_DEFINITIONS = (
					"DEBUG=1",
					"$(inherited)",
				);
				GCC_WARN_64_TO_32_BIT_CONVERSION = YES;
				GCC_WARN_ABOUT_RETURN_TYPE = YES_ERROR;
				GCC_WARN_UNDECLARED_SELECTOR = YES;
				GCC_WARN_UNINITIALIZED_AUTOS = YES_AGGRESSIVE;
				GCC_WARN_UNUSED_FUNCTION = YES;
				GCC_WARN_UNUSED_VARIABLE = YES;
				IPHONEOS_DEPLOYMENT_TARGET = 16.0;
				MTL_ENABLE_DEBUG_INFO = INCLUDE_SOURCE;
				MTL_FAST_MATH = YES;
				ONLY_ACTIVE_ARCH = YES;
				SDKROOT = iphoneos;
				SWIFT_ACTIVE_COMPILATION_CONDITIONS = DEBUG;
				SWIFT_OPTIMIZATION_LEVEL = "-Onone";
			};
			name = Debug;
		};
		33D8598528ABDDCC00C842CF /* Release */ = {
			isa = XCBuildConfiguration;
			buildSettings = {
				ALWAYS_SEARCH_USER_PATHS = NO;
				CLANG_ANALYZER_NONNULL = YES;
				CLANG_ANALYZER_NUMBER_OBJECT_CONVERSION = YES_AGGRESSIVE;
				CLANG_CXX_LANGUAGE_STANDARD = "gnu++20";
				CLANG_ENABLE_MODULES = YES;
				CLANG_ENABLE_OBJC_ARC = YES;
				CLANG_ENABLE_OBJC_WEAK = YES;
				CLANG_WARN_BLOCK_CAPTURE_AUTORELEASING = YES;
				CLANG_WARN_BOOL_CONVERSION = YES;
				CLANG_WARN_COMMA = YES;
				CLANG_WARN_CONSTANT_CONVERSION = YES;
				CLANG_WARN_DEPRECATED_OBJC_IMPLEMENTATIONS = YES;
				CLANG_WARN_DIRECT_OBJC_ISA_USAGE = YES_ERROR;
				CLANG_WARN_DOCUMENTATION_COMMENTS = YES;
				CLANG_WARN_EMPTY_BODY = YES;
				CLANG_WARN_ENUM_CONVERSION = YES;
				CLANG_WARN_INFINITE_RECURSION = YES;
				CLANG_WARN_INT_CONVERSION = YES;
				CLANG_WARN_NON_LITERAL_NULL_CONVERSION = YES;
				CLANG_WARN_OBJC_IMPLICIT_RETAIN_SELF = YES;
				CLANG_WARN_OBJC_LITERAL_CONVERSION = YES;
				CLANG_WARN_OBJC_ROOT_CLASS = YES_ERROR;
				CLANG_WARN_QUOTED_INCLUDE_IN_FRAMEWORK_HEADER = YES;
				CLANG_WARN_RANGE_LOOP_ANALYSIS = YES;
				CLANG_WARN_STRICT_PROTOTYPES = YES;
				CLANG_WARN_SUSPICIOUS_MOVE = YES;
				CLANG_WARN_UNGUARDED_AVAILABILITY = YES_AGGRESSIVE;
				CLANG_WARN_UNREACHABLE_CODE = YES;
				CLANG_WARN__DUPLICATE_METHOD_MATCH = YES;
				COPY_PHASE_STRIP = NO;
				DEBUG_INFORMATION_FORMAT = "dwarf-with-dsym";
				ENABLE_NS_ASSERTIONS = NO;
				ENABLE_STRICT_OBJC_MSGSEND = YES;
				GCC_C_LANGUAGE_STANDARD = gnu11;
				GCC_NO_COMMON_BLOCKS = YES;
				GCC_WARN_64_TO_32_BIT_CONVERSION = YES;
				GCC_WARN_ABOUT_RETURN_TYPE = YES_ERROR;
				GCC_WARN_UNDECLARED_SELECTOR = YES;
				GCC_WARN_UNINITIALIZED_AUTOS = YES_AGGRESSIVE;
				GCC_WARN_UNUSED_FUNCTION = YES;
				GCC_WARN_UNUSED_VARIABLE = YES;
				IPHONEOS_DEPLOYMENT_TARGET = 16.0;
				MTL_ENABLE_DEBUG_INFO = NO;
				MTL_FAST_MATH = YES;
				SDKROOT = iphoneos;
				SWIFT_COMPILATION_MODE = wholemodule;
				SWIFT_OPTIMIZATION_LEVEL = "-O";
				VALIDATE_PRODUCT = YES;
			};
			name = Release;
		};
		33D8598728ABDDCC00C842CF /* Debug */ = {
			isa = XCBuildConfiguration;
			buildSettings = {
				ASSETCATALOG_COMPILER_APPICON_NAME = AppIcon;
				ASSETCATALOG_COMPILER_GLOBAL_ACCENT_COLOR_NAME = AccentColor;
				CODE_SIGN_STYLE = Automatic;
				CURRENT_PROJECT_VERSION = 1;
				DEVELOPMENT_ASSET_PATHS = "\"MovieBooking/Other/Preview Content\"";
				DEVELOPMENT_TEAM = G4PV26QJD2;
				ENABLE_PREVIEWS = YES;
				GENERATE_INFOPLIST_FILE = YES;
				INFOPLIST_FILE = MovieBooking/Info.plist;
				INFOPLIST_KEY_CFBundleDisplayName = "Movie Booking";
				INFOPLIST_KEY_LSApplicationCategoryType = "public.app-category.entertainment";
				INFOPLIST_KEY_UIApplicationSupportsIndirectInputEvents = YES;
				INFOPLIST_KEY_UILaunchScreen_Generation = YES;
				INFOPLIST_KEY_UISupportedInterfaceOrientations = UIInterfaceOrientationPortrait;
				INFOPLIST_KEY_UISupportedInterfaceOrientations_iPad = "UIInterfaceOrientationLandscapeLeft UIInterfaceOrientationLandscapeRight UIInterfaceOrientationPortrait UIInterfaceOrientationPortraitUpsideDown";
				IPHONEOS_DEPLOYMENT_TARGET = 15.0;
				LD_RUNPATH_SEARCH_PATHS = (
					"$(inherited)",
					"@executable_path/Frameworks",
				);
				MARKETING_VERSION = 1.0;
				PRODUCT_BUNDLE_IDENTIFIER = com.gruzinov.MovieBooking;
				PRODUCT_NAME = "$(TARGET_NAME)";
				SUPPORTED_PLATFORMS = "iphoneos iphonesimulator";
				SUPPORTS_MACCATALYST = NO;
				SUPPORTS_MAC_DESIGNED_FOR_IPHONE_IPAD = NO;
				SWIFT_EMIT_LOC_STRINGS = YES;
				SWIFT_VERSION = 5.0;
				TARGETED_DEVICE_FAMILY = 1;
			};
			name = Debug;
		};
		33D8598828ABDDCC00C842CF /* Release */ = {
			isa = XCBuildConfiguration;
			buildSettings = {
				ASSETCATALOG_COMPILER_APPICON_NAME = AppIcon;
				ASSETCATALOG_COMPILER_GLOBAL_ACCENT_COLOR_NAME = AccentColor;
				CODE_SIGN_STYLE = Automatic;
				CURRENT_PROJECT_VERSION = 1;
				DEVELOPMENT_ASSET_PATHS = "\"MovieBooking/Other/Preview Content\"";
				DEVELOPMENT_TEAM = G4PV26QJD2;
				ENABLE_PREVIEWS = YES;
				GENERATE_INFOPLIST_FILE = YES;
				INFOPLIST_FILE = MovieBooking/Info.plist;
				INFOPLIST_KEY_CFBundleDisplayName = "Movie Booking";
				INFOPLIST_KEY_LSApplicationCategoryType = "public.app-category.entertainment";
				INFOPLIST_KEY_UIApplicationSupportsIndirectInputEvents = YES;
				INFOPLIST_KEY_UILaunchScreen_Generation = YES;
				INFOPLIST_KEY_UISupportedInterfaceOrientations = UIInterfaceOrientationPortrait;
				INFOPLIST_KEY_UISupportedInterfaceOrientations_iPad = "UIInterfaceOrientationLandscapeLeft UIInterfaceOrientationLandscapeRight UIInterfaceOrientationPortrait UIInterfaceOrientationPortraitUpsideDown";
				IPHONEOS_DEPLOYMENT_TARGET = 15.0;
				LD_RUNPATH_SEARCH_PATHS = (
					"$(inherited)",
					"@executable_path/Frameworks",
				);
				MARKETING_VERSION = 1.0;
				PRODUCT_BUNDLE_IDENTIFIER = com.gruzinov.MovieBooking;
				PRODUCT_NAME = "$(TARGET_NAME)";
				SUPPORTED_PLATFORMS = "iphoneos iphonesimulator";
				SUPPORTS_MACCATALYST = NO;
				SUPPORTS_MAC_DESIGNED_FOR_IPHONE_IPAD = NO;
				SWIFT_EMIT_LOC_STRINGS = YES;
				SWIFT_VERSION = 5.0;
				TARGETED_DEVICE_FAMILY = 1;
			};
			name = Release;
		};
/* End XCBuildConfiguration section */

/* Begin XCConfigurationList section */
		33D8597328ABDDCB00C842CF /* Build configuration list for PBXProject "MovieBooking" */ = {
			isa = XCConfigurationList;
			buildConfigurations = (
				33D8598428ABDDCC00C842CF /* Debug */,
				33D8598528ABDDCC00C842CF /* Release */,
			);
			defaultConfigurationIsVisible = 0;
			defaultConfigurationName = Release;
		};
		33D8598628ABDDCC00C842CF /* Build configuration list for PBXNativeTarget "MovieBooking" */ = {
			isa = XCConfigurationList;
			buildConfigurations = (
				33D8598728ABDDCC00C842CF /* Debug */,
				33D8598828ABDDCC00C842CF /* Release */,
			);
			defaultConfigurationIsVisible = 0;
			defaultConfigurationName = Release;
		};
/* End XCConfigurationList section */
	};
	rootObject = 33D8597028ABDDCB00C842CF /* Project object */;
}
